
Microsoft Visual Studio Solution File, Format Version 12.00
# Visual Studio Version 17
VisualStudioVersion = 17.14.36511.14 d17.14
MinimumVisualStudioVersion = 10.0.40219.1
Project("{FAE04EC0-301F-11D3-BF4B-00C04F79EFBC}") = "SliceSync.API", "SliceSync.API\SliceSync.API.csproj", "{54577BB3-44B7-4F91-8D3E-0906497C5056}"
EndProject
Global
	GlobalSection(SolutionConfigurationPlatforms) = preSolution
		Debug|Any CPU = Debug|Any CPU
		Release|Any CPU = Release|Any CPU
	EndGlobalSection
	GlobalSection(ProjectConfigurationPlatforms) = postSolution
		{54577BB3-44B7-4F91-8D3E-0906497C5056}.Debug|Any CPU.ActiveCfg = Debug|Any CPU
		{54577BB3-44B7-4F91-8D3E-0906497C5056}.Debug|Any CPU.Build.0 = Debug|Any CPU
		{54577BB3-44B7-4F91-8D3E-0906497C5056}.Release|Any CPU.ActiveCfg = Release|Any CPU
		{54577BB3-44B7-4F91-8D3E-0906497C5056}.Release|Any CPU.Build.0 = Release|Any CPU
	EndGlobalSection
	GlobalSection(SolutionProperties) = preSolution
		HideSolutionNode = FALSE
	EndGlobalSection
	GlobalSection(ExtensibilityGlobals) = postSolution
		SolutionGuid = {B8177CEE-D67C-456C-A66A-954318F83E34}
	EndGlobalSection
EndGlobal
