
Microsoft Visual Studio Solution File, Format Version 12.00
# Visual Studio Version 17
VisualStudioVersion = 17.14.36511.14
MinimumVisualStudioVersion = 10.0.40219.1
Project("{FAE04EC0-301F-11D3-BF4B-00C04F79EFBC}") = "SliceSync.API", "SliceSync.API\SliceSync.API.csproj", "{54577BB3-44B7-4F91-8D3E-0906497C5056}"
EndProject
Project("{FAE04EC0-301F-11D3-BF4B-00C04F79EFBC}") = "SliceSync.Infrastructure", "SliceSync.Infrastructure\SliceSync.Infrastructure.csproj", "{08BC2E0D-9584-40D3-8305-51AA0107B67C}"
EndProject
Project("{FAE04EC0-301F-11D3-BF4B-00C04F79EFBC}") = "SliceSync.Core", "SliceSync.Core\SliceSync.Core.csproj", "{8B69381E-ABA5-485B-82D3-93E636813F97}"
EndProject
Project("{FAE04EC0-301F-11D3-BF4B-00C04F79EFBC}") = "SliceSync.Service", "SliceSync.Service\SliceSync.Service.csproj", "{AAFA47D2-9487-4FD9-9249-793467F2F46A}"
EndProject
Project("{00D1A9C2-B5F0-4AF3-8072-F6C62B433612}") = "SliceSync.Schemas.SQL", "SliceSync.Schemas.SQL\SliceSync.Schemas.SQL.sqlproj", "{952CF2C2-BD9F-4883-9D56-67E677CC22B4}"
EndProject
Global
	GlobalSection(SolutionConfigurationPlatforms) = preSolution
		Debug|Any CPU = Debug|Any CPU
		Release|Any CPU = Release|Any CPU
	EndGlobalSection
	GlobalSection(ProjectConfigurationPlatforms) = postSolution
		{54577BB3-44B7-4F91-8D3E-0906497C5056}.Debug|Any CPU.ActiveCfg = Debug|Any CPU
		{54577BB3-44B7-4F91-8D3E-0906497C5056}.Debug|Any CPU.Build.0 = Debug|Any CPU
		{54577BB3-44B7-4F91-8D3E-0906497C5056}.Release|Any CPU.ActiveCfg = Release|Any CPU
		{54577BB3-44B7-4F91-8D3E-0906497C5056}.Release|Any CPU.Build.0 = Release|Any CPU
		{08BC2E0D-9584-40D3-8305-51AA0107B67C}.Debug|Any CPU.ActiveCfg = Debug|Any CPU
		{08BC2E0D-9584-40D3-8305-51AA0107B67C}.Debug|Any CPU.Build.0 = Debug|Any CPU
		{08BC2E0D-9584-40D3-8305-51AA0107B67C}.Release|Any CPU.ActiveCfg = Release|Any CPU
		{08BC2E0D-9584-40D3-8305-51AA0107B67C}.Release|Any CPU.Build.0 = Release|Any CPU
		{8B69381E-ABA5-485B-82D3-93E636813F97}.Debug|Any CPU.ActiveCfg = Debug|Any CPU
		{8B69381E-ABA5-485B-82D3-93E636813F97}.Debug|Any CPU.Build.0 = Debug|Any CPU
		{8B69381E-ABA5-485B-82D3-93E636813F97}.Release|Any CPU.ActiveCfg = Release|Any CPU
		{8B69381E-ABA5-485B-82D3-93E636813F97}.Release|Any CPU.Build.0 = Release|Any CPU
		{AAFA47D2-9487-4FD9-9249-793467F2F46A}.Debug|Any CPU.ActiveCfg = Debug|Any CPU
		{AAFA47D2-9487-4FD9-9249-793467F2F46A}.Debug|Any CPU.Build.0 = Debug|Any CPU
		{AAFA47D2-9487-4FD9-9249-793467F2F46A}.Release|Any CPU.ActiveCfg = Release|Any CPU
		{AAFA47D2-9487-4FD9-9249-793467F2F46A}.Release|Any CPU.Build.0 = Release|Any CPU
		{952CF2C2-BD9F-4883-9D56-67E677CC22B4}.Debug|Any CPU.ActiveCfg = Debug|Any CPU
		{952CF2C2-BD9F-4883-9D56-67E677CC22B4}.Debug|Any CPU.Build.0 = Debug|Any CPU
		{952CF2C2-BD9F-4883-9D56-67E677CC22B4}.Release|Any CPU.ActiveCfg = Release|Any CPU
		{952CF2C2-BD9F-4883-9D56-67E677CC22B4}.Release|Any CPU.Build.0 = Release|Any CPU
	EndGlobalSection
	GlobalSection(SolutionProperties) = preSolution
		HideSolutionNode = FALSE
	EndGlobalSection
	GlobalSection(ExtensibilityGlobals) = postSolution
		SolutionGuid = {B8177CEE-D67C-456C-A66A-954318F83E34}
	EndGlobalSection
EndGlobal
